// !$*UTF8*$!
{
	archiveVersion = 1;
	classes = {
	};
	objectVersion = 56;
	objects = {

/* Begin PBXBuildFile section */
		E42CFA9D29A3ACAA0019702C /* NotesDataModel.xcdatamodeld in Sources */ = {isa = PBXBuildFile; fileRef = E42CFA9B29A3ACAA0019702C /* NotesDataModel.xcdatamodeld */; };
		E42CFAC629A405230019702C /* CoreDataHelper.swift in Sources */ = {isa = PBXBuildFile; fileRef = E42CFAC529A405230019702C /* CoreDataHelper.swift */; };
		E46F2F73299151000087F8FA /* AppDelegate.swift in Sources */ = {isa = PBXBuildFile; fileRef = E46F2F72299151000087F8FA /* AppDelegate.swift */; };
		E46F2F7C299151020087F8FA /* Assets.xcassets in Resources */ = {isa = PBXBuildFile; fileRef = E46F2F7B299151020087F8FA /* Assets.xcassets */; };
		E46F2F7F299151020087F8FA /* LaunchScreen.storyboard in Resources */ = {isa = PBXBuildFile; fileRef = E46F2F7D299151020087F8FA /* LaunchScreen.storyboard */; };
		E46F2F87299151F80087F8FA /* NotesTableViewController.swift in Sources */ = {isa = PBXBuildFile; fileRef = E46F2F86299151F80087F8FA /* NotesTableViewController.swift */; };
		E46F2F89299152E10087F8FA /* TableViewCell.swift in Sources */ = {isa = PBXBuildFile; fileRef = E46F2F88299152E10087F8FA /* TableViewCell.swift */; };
		E48E25F629951CE8000B8235 /* NoteViewController.swift in Sources */ = {isa = PBXBuildFile; fileRef = E48E25F529951CE8000B8235 /* NoteViewController.swift */; };
/* End PBXBuildFile section */

/* Begin PBXFileReference section */
		E42CFA9C29A3ACAA0019702C /* NotesDataModel.xcdatamodel */ = {isa = PBXFileReference; lastKnownFileType = wrapper.xcdatamodel; path = NotesDataModel.xcdatamodel; sourceTree = "<group>"; };
		E42CFAC529A405230019702C /* CoreDataHelper.swift */ = {isa = PBXFileReference; lastKnownFileType = sourcecode.swift; path = CoreDataHelper.swift; sourceTree = "<group>"; };
		E46F2F6F299151000087F8FA /* iOS2_Note_0.2(UIKit).app */ = {isa = PBXFileReference; explicitFileType = wrapper.application; includeInIndex = 0; path = "iOS2_Note_0.2(UIKit).app"; sourceTree = BUILT_PRODUCTS_DIR; };
		E46F2F72299151000087F8FA /* AppDelegate.swift */ = {isa = PBXFileReference; lastKnownFileType = sourcecode.swift; path = AppDelegate.swift; sourceTree = "<group>"; };
		E46F2F7B299151020087F8FA /* Assets.xcassets */ = {isa = PBXFileReference; lastKnownFileType = folder.assetcatalog; path = Assets.xcassets; sourceTree = "<group>"; };
		E46F2F7E299151020087F8FA /* Base */ = {isa = PBXFileReference; lastKnownFileType = file.storyboard; name = Base; path = Base.lproj/LaunchScreen.storyboard; sourceTree = "<group>"; };
		E46F2F80299151020087F8FA /* Info.plist */ = {isa = PBXFileReference; lastKnownFileType = text.plist.xml; path = Info.plist; sourceTree = "<group>"; };
		E46F2F86299151F80087F8FA /* NotesTableViewController.swift */ = {isa = PBXFileReference; lastKnownFileType = sourcecode.swift; path = NotesTableViewController.swift; sourceTree = "<group>"; };
		E46F2F88299152E10087F8FA /* TableViewCell.swift */ = {isa = PBXFileReference; lastKnownFileType = sourcecode.swift; path = TableViewCell.swift; sourceTree = "<group>"; };
		E48E25F529951CE8000B8235 /* NoteViewController.swift */ = {isa = PBXFileReference; lastKnownFileType = sourcecode.swift; path = NoteViewController.swift; sourceTree = "<group>"; };
/* End PBXFileReference section */

/* Begin PBXFrameworksBuildPhase section */
		E46F2F6C299151000087F8FA /* Frameworks */ = {
			isa = PBXFrameworksBuildPhase;
			buildActionMask = 2147483647;
			files = (
			);
			runOnlyForDeploymentPostprocessing = 0;
		};
/* End PBXFrameworksBuildPhase section */

/* Begin PBXGroup section */
		E46F2F66299151000087F8FA = {
			isa = PBXGroup;
			children = (
				E46F2F71299151000087F8FA /* iOS2_Note_0.2(UIKit) */,
				E46F2F70299151000087F8FA /* Products */,
			);
			sourceTree = "<group>";
		};
		E46F2F70299151000087F8FA /* Products */ = {
			isa = PBXGroup;
			children = (
				E46F2F6F299151000087F8FA /* iOS2_Note_0.2(UIKit).app */,
			);
			name = Products;
			sourceTree = "<group>";
		};
		E46F2F71299151000087F8FA /* iOS2_Note_0.2(UIKit) */ = {
			isa = PBXGroup;
			children = (
				E46F2F72299151000087F8FA /* AppDelegate.swift */,
				E46F2F86299151F80087F8FA /* NotesTableViewController.swift */,
				E46F2F88299152E10087F8FA /* TableViewCell.swift */,
				E48E25F529951CE8000B8235 /* NoteViewController.swift */,
				E42CFAC529A405230019702C /* CoreDataHelper.swift */,
				E42CFA9B29A3ACAA0019702C /* NotesDataModel.xcdatamodeld */,
				E46F2F7B299151020087F8FA /* Assets.xcassets */,
				E46F2F7D299151020087F8FA /* LaunchScreen.storyboard */,
				E46F2F80299151020087F8FA /* Info.plist */,
			);
			path = "iOS2_Note_0.2(UIKit)";
			sourceTree = "<group>";
		};
/* End PBXGroup section */

/* Begin PBXNativeTarget section */
		E46F2F6E299151000087F8FA /* iOS2_Note_0.2(UIKit) */ = {
			isa = PBXNativeTarget;
			buildConfigurationList = E46F2F83299151020087F8FA /* Build configuration list for PBXNativeTarget "iOS2_Note_0.2(UIKit)" */;
			buildPhases = (
				E46F2F6B299151000087F8FA /* Sources */,
				E46F2F6C299151000087F8FA /* Frameworks */,
				E46F2F6D299151000087F8FA /* Resources */,
			);
			buildRules = (
			);
			dependencies = (
			);
			name = "iOS2_Note_0.2(UIKit)";
			productName = "iOS2_Note_0.2(UIKit)";
			productReference = E46F2F6F299151000087F8FA /* iOS2_Note_0.2(UIKit).app */;
			productType = "com.apple.product-type.application";
		};
/* End PBXNativeTarget section */

/* Begin PBXProject section */
		E46F2F67299151000087F8FA /* Project object */ = {
			isa = PBXProject;
			attributes = {
				BuildIndependentTargetsInParallel = 1;
				LastSwiftUpdateCheck = 1400;
				LastUpgradeCheck = 1400;
				TargetAttributes = {
					E46F2F6E299151000087F8FA = {
						CreatedOnToolsVersion = 14.0;
					};
				};
			};
			buildConfigurationList = E46F2F6A299151000087F8FA /* Build configuration list for PBXProject "iOS2_Note_0.2(UIKit)" */;
			compatibilityVersion = "Xcode 14.0";
			developmentRegion = en;
			hasScannedForEncodings = 0;
			knownRegions = (
				en,
				Base,
			);
			mainGroup = E46F2F66299151000087F8FA;
			productRefGroup = E46F2F70299151000087F8FA /* Products */;
			projectDirPath = "";
			projectRoot = "";
			targets = (
				E46F2F6E299151000087F8FA /* iOS2_Note_0.2(UIKit) */,
			);
		};
/* End PBXProject section */

/* Begin PBXResourcesBuildPhase section */
		E46F2F6D299151000087F8FA /* Resources */ = {
			isa = PBXResourcesBuildPhase;
			buildActionMask = 2147483647;
			files = (
				E46F2F7F299151020087F8FA /* LaunchScreen.storyboard in Resources */,
				E46F2F7C299151020087F8FA /* Assets.xcassets in Resources */,
			);
			runOnlyForDeploymentPostprocessing = 0;
		};
/* End PBXResourcesBuildPhase section */

/* Begin PBXSourcesBuildPhase section */
		E46F2F6B299151000087F8FA /* Sources */ = {
			isa = PBXSourcesBuildPhase;
			buildActionMask = 2147483647;
			files = (
				E46F2F89299152E10087F8FA /* TableViewCell.swift in Sources */,
				E42CFA9D29A3ACAA0019702C /* NotesDataModel.xcdatamodeld in Sources */,
				E46F2F73299151000087F8FA /* AppDelegate.swift in Sources */,
				E42CFAC629A405230019702C /* CoreDataHelper.swift in Sources */,
				E46F2F87299151F80087F8FA /* NotesTableViewController.swift in Sources */,
				E48E25F629951CE8000B8235 /* NoteViewController.swift in Sources */,
			);
			runOnlyForDeploymentPostprocessing = 0;
		};
/* End PBXSourcesBuildPhase section */

/* Begin PBXVariantGroup section */
		E46F2F7D299151020087F8FA /* LaunchScreen.storyboard */ = {
			isa = PBXVariantGroup;
			children = (
				E46F2F7E299151020087F8FA /* Base */,
			);
			name = LaunchScreen.storyboard;
			sourceTree = "<group>";
		};
/* End PBXVariantGroup section */

/* Begin XCBuildConfiguration section */
		E46F2F81299151020087F8FA /* Debug */ = {
			isa = XCBuildConfiguration;
			buildSettings = {
				ALWAYS_SEARCH_USER_PATHS = NO;
				CLANG_ANALYZER_NONNULL = YES;
				CLANG_ANALYZER_NUMBER_OBJECT_CONVERSION = YES_AGGRESSIVE;
				CLANG_CXX_LANGUAGE_STANDARD = "gnu++20";
				CLANG_ENABLE_MODULES = YES;
				CLANG_ENABLE_OBJC_ARC = YES;
				CLANG_ENABLE_OBJC_WEAK = YES;
				CLANG_WARN_BLOCK_CAPTURE_AUTORELEASING = YES;
				CLANG_WARN_BOOL_CONVERSION = YES;
				CLANG_WARN_COMMA = YES;
				CLANG_WARN_CONSTANT_CONVERSION = YES;
				CLANG_WARN_DEPRECATED_OBJC_IMPLEMENTATIONS = YES;
				CLANG_WARN_DIRECT_OBJC_ISA_USAGE = YES_ERROR;
				CLANG_WARN_DOCUMENTATION_COMMENTS = YES;
				CLANG_WARN_EMPTY_BODY = YES;
				CLANG_WARN_ENUM_CONVERSION = YES;
				CLANG_WARN_INFINITE_RECURSION = YES;
				CLANG_WARN_INT_CONVERSION = YES;
				CLANG_WARN_NON_LITERAL_NULL_CONVERSION = YES;
				CLANG_WARN_OBJC_IMPLICIT_RETAIN_SELF = YES;
				CLANG_WARN_OBJC_LITERAL_CONVERSION = YES;
				CLANG_WARN_OBJC_ROOT_CLASS = YES_ERROR;
				CLANG_WARN_QUOTED_INCLUDE_IN_FRAMEWORK_HEADER = YES;
				CLANG_WARN_RANGE_LOOP_ANALYSIS = YES;
				CLANG_WARN_STRICT_PROTOTYPES = YES;
				CLANG_WARN_SUSPICIOUS_MOVE = YES;
				CLANG_WARN_UNGUARDED_AVAILABILITY = YES_AGGRESSIVE;
				CLANG_WARN_UNREACHABLE_CODE = YES;
				CLANG_WARN__DUPLICATE_METHOD_MATCH = YES;
				COPY_PHASE_STRIP = NO;
				DEBUG_INFORMATION_FORMAT = dwarf;
				ENABLE_STRICT_OBJC_MSGSEND = YES;
				ENABLE_TESTABILITY = YES;
				GCC_C_LANGUAGE_STANDARD = gnu11;
				GCC_DYNAMIC_NO_PIC = NO;
				GCC_NO_COMMON_BLOCKS = YES;
				GCC_OPTIMIZATION_LEVEL = 0;
				GCC_PREPROCESSOR_DEFINITIONS = (
					"DEBUG=1",
					"$(inherited)",
				);
				GCC_WARN_64_TO_32_BIT_CONVERSION = YES;
				GCC_WARN_ABOUT_RETURN_TYPE = YES_ERROR;
				GCC_WARN_UNDECLARED_SELECTOR = YES;
				GCC_WARN_UNINITIALIZED_AUTOS = YES_AGGRESSIVE;
				GCC_WARN_UNUSED_FUNCTION = YES;
				GCC_WARN_UNUSED_VARIABLE = YES;
				IPHONEOS_DEPLOYMENT_TARGET = 16.0;
				MTL_ENABLE_DEBUG_INFO = INCLUDE_SOURCE;
				MTL_FAST_MATH = YES;
				ONLY_ACTIVE_ARCH = YES;
				SDKROOT = iphoneos;
				SWIFT_ACTIVE_COMPILATION_CONDITIONS = DEBUG;
				SWIFT_OPTIMIZATION_LEVEL = "-Onone";
			};
			name = Debug;
		};
		E46F2F82299151020087F8FA /* Release */ = {
			isa = XCBuildConfiguration;
			buildSettings = {
				ALWAYS_SEARCH_USER_PATHS = NO;
				CLANG_ANALYZER_NONNULL = YES;
				CLANG_ANALYZER_NUMBER_OBJECT_CONVERSION = YES_AGGRESSIVE;
				CLANG_CXX_LANGUAGE_STANDARD = "gnu++20";
				CLANG_ENABLE_MODULES = YES;
				CLANG_ENABLE_OBJC_ARC = YES;
				CLANG_ENABLE_OBJC_WEAK = YES;
				CLANG_WARN_BLOCK_CAPTURE_AUTORELEASING = YES;
				CLANG_WARN_BOOL_CONVERSION = YES;
				CLANG_WARN_COMMA = YES;
				CLANG_WARN_CONSTANT_CONVERSION = YES;
				CLANG_WARN_DEPRECATED_OBJC_IMPLEMENTATIONS = YES;
				CLANG_WARN_DIRECT_OBJC_ISA_USAGE = YES_ERROR;
				CLANG_WARN_DOCUMENTATION_COMMENTS = YES;
				CLANG_WARN_EMPTY_BODY = YES;
				CLANG_WARN_ENUM_CONVERSION = YES;
				CLANG_WARN_INFINITE_RECURSION = YES;
				CLANG_WARN_INT_CONVERSION = YES;
				CLANG_WARN_NON_LITERAL_NULL_CONVERSION = YES;
				CLANG_WARN_OBJC_IMPLICIT_RETAIN_SELF = YES;
				CLANG_WARN_OBJC_LITERAL_CONVERSION = YES;
				CLANG_WARN_OBJC_ROOT_CLASS = YES_ERROR;
				CLANG_WARN_QUOTED_INCLUDE_IN_FRAMEWORK_HEADER = YES;
				CLANG_WARN_RANGE_LOOP_ANALYSIS = YES;
				CLANG_WARN_STRICT_PROTOTYPES = YES;
				CLANG_WARN_SUSPICIOUS_MOVE = YES;
				CLANG_WARN_UNGUARDED_AVAILABILITY = YES_AGGRESSIVE;
				CLANG_WARN_UNREACHABLE_CODE = YES;
				CLANG_WARN__DUPLICATE_METHOD_MATCH = YES;
				COPY_PHASE_STRIP = NO;
				DEBUG_INFORMATION_FORMAT = "dwarf-with-dsym";
				ENABLE_NS_ASSERTIONS = NO;
				ENABLE_STRICT_OBJC_MSGSEND = YES;
				GCC_C_LANGUAGE_STANDARD = gnu11;
				GCC_NO_COMMON_BLOCKS = YES;
				GCC_WARN_64_TO_32_BIT_CONVERSION = YES;
				GCC_WARN_ABOUT_RETURN_TYPE = YES_ERROR;
				GCC_WARN_UNDECLARED_SELECTOR = YES;
				GCC_WARN_UNINITIALIZED_AUTOS = YES_AGGRESSIVE;
				GCC_WARN_UNUSED_FUNCTION = YES;
				GCC_WARN_UNUSED_VARIABLE = YES;
				IPHONEOS_DEPLOYMENT_TARGET = 16.0;
				MTL_ENABLE_DEBUG_INFO = NO;
				MTL_FAST_MATH = YES;
				SDKROOT = iphoneos;
				SWIFT_COMPILATION_MODE = wholemodule;
				SWIFT_OPTIMIZATION_LEVEL = "-O";
				VALIDATE_PRODUCT = YES;
			};
			name = Release;
		};
		E46F2F84299151020087F8FA /* Debug */ = {
			isa = XCBuildConfiguration;
			buildSettings = {
				ASSETCATALOG_COMPILER_APPICON_NAME = AppIcon;
				ASSETCATALOG_COMPILER_GLOBAL_ACCENT_COLOR_NAME = AccentColor;
				CODE_SIGN_STYLE = Automatic;
				CURRENT_PROJECT_VERSION = 1;
				DEVELOPMENT_TEAM = 7Y4Q2T7N83;
				GENERATE_INFOPLIST_FILE = YES;
				INFOPLIST_FILE = "iOS2_Note_0.2(UIKit)/Info.plist";
				INFOPLIST_KEY_UIApplicationSupportsIndirectInputEvents = YES;
				INFOPLIST_KEY_UILaunchStoryboardName = LaunchScreen;
				INFOPLIST_KEY_UISupportedInterfaceOrientations_iPad = "UIInterfaceOrientationPortrait UIInterfaceOrientationPortraitUpsideDown UIInterfaceOrientationLandscapeLeft UIInterfaceOrientationLandscapeRight";
				INFOPLIST_KEY_UISupportedInterfaceOrientations_iPhone = "UIInterfaceOrientationPortrait UIInterfaceOrientationLandscapeLeft UIInterfaceOrientationLandscapeRight";
				LD_RUNPATH_SEARCH_PATHS = (
					"$(inherited)",
					"@executable_path/Frameworks",
				);
				MARKETING_VERSION = 1.0;
				PRODUCT_BUNDLE_IDENTIFIER = "-.iOS2-Note-0-2-UIKit-";
				PRODUCT_NAME = "$(TARGET_NAME)";
				SWIFT_EMIT_LOC_STRINGS = YES;
				SWIFT_VERSION = 5.0;
				TARGETED_DEVICE_FAMILY = "1,2";
			};
			name = Debug;
		};
		E46F2F85299151020087F8FA /* Release */ = {
			isa = XCBuildConfiguration;
			buildSettings = {
				ASSETCATALOG_COMPILER_APPICON_NAME = AppIcon;
				ASSETCATALOG_COMPILER_GLOBAL_ACCENT_COLOR_NAME = AccentColor;
				CODE_SIGN_STYLE = Automatic;
				CURRENT_PROJECT_VERSION = 1;
				DEVELOPMENT_TEAM = 7Y4Q2T7N83;
				GENERATE_INFOPLIST_FILE = YES;
				INFOPLIST_FILE = "iOS2_Note_0.2(UIKit)/Info.plist";
				INFOPLIST_KEY_UIApplicationSupportsIndirectInputEvents = YES;
				INFOPLIST_KEY_UILaunchStoryboardName = LaunchScreen;
				INFOPLIST_KEY_UISupportedInterfaceOrientations_iPad = "UIInterfaceOrientationPortrait UIInterfaceOrientationPortraitUpsideDown UIInterfaceOrientationLandscapeLeft UIInterfaceOrientationLandscapeRight";
				INFOPLIST_KEY_UISupportedInterfaceOrientations_iPhone = "UIInterfaceOrientationPortrait UIInterfaceOrientationLandscapeLeft UIInterfaceOrientationLandscapeRight";
				LD_RUNPATH_SEARCH_PATHS = (
					"$(inherited)",
					"@executable_path/Frameworks",
				);
				MARKETING_VERSION = 1.0;
				PRODUCT_BUNDLE_IDENTIFIER = "-.iOS2-Note-0-2-UIKit-";
				PRODUCT_NAME = "$(TARGET_NAME)";
				SWIFT_EMIT_LOC_STRINGS = YES;
				SWIFT_VERSION = 5.0;
				TARGETED_DEVICE_FAMILY = "1,2";
			};
			name = Release;
		};
/* End XCBuildConfiguration section */

/* Begin XCConfigurationList section */
		E46F2F6A299151000087F8FA /* Build configuration list for PBXProject "iOS2_Note_0.2(UIKit)" */ = {
			isa = XCConfigurationList;
			buildConfigurations = (
				E46F2F81299151020087F8FA /* Debug */,
				E46F2F82299151020087F8FA /* Release */,
			);
			defaultConfigurationIsVisible = 0;
			defaultConfigurationName = Release;
		};
		E46F2F83299151020087F8FA /* Build configuration list for PBXNativeTarget "iOS2_Note_0.2(UIKit)" */ = {
			isa = XCConfigurationList;
			buildConfigurations = (
				E46F2F84299151020087F8FA /* Debug */,
				E46F2F85299151020087F8FA /* Release */,
			);
			defaultConfigurationIsVisible = 0;
			defaultConfigurationName = Release;
		};
/* End XCConfigurationList section */

/* Begin XCVersionGroup section */
		E42CFA9B29A3ACAA0019702C /* NotesDataModel.xcdatamodeld */ = {
			isa = XCVersionGroup;
			children = (
				E42CFA9C29A3ACAA0019702C /* NotesDataModel.xcdatamodel */,
			);
			currentVersion = E42CFA9C29A3ACAA0019702C /* NotesDataModel.xcdatamodel */;
			path = NotesDataModel.xcdatamodeld;
			sourceTree = "<group>";
			versionGroupType = wrapper.xcdatamodel;
		};
/* End XCVersionGroup section */
	};
	rootObject = E46F2F67299151000087F8FA /* Project object */;
}
